
Microsoft Visual Studio Solution File, Format Version 12.00
# Visual Studio Version 16
VisualStudioVersion = 16.0.30711.63
MinimumVisualStudioVersion = 15.0.26124.0
Project("{9A19103F-16F7-4668-BE54-9A1E7A4F7556}") = "EdsmScanner", "EdsmScanner\EdsmScanner.csproj", "{1C6D87BC-C32A-4F13-857A-DCC202A60CE0}"
EndProject
Project("{FAE04EC0-301F-11D3-BF4B-00C04F79EFBC}") = "VisitedStarCacheMerger", "VisitedStarCacheMerger\VisitedStarCacheMerger.csproj", "{E5F1B46F-6487-4D00-A035-26BBB86E9297}"
EndProject
Global
	GlobalSection(SolutionConfigurationPlatforms) = preSolution
		Debug|Any CPU = Debug|Any CPU
		Debug|x64 = Debug|x64
		Debug|x86 = Debug|x86
		Release|Any CPU = Release|Any CPU
		Release|x64 = Release|x64
		Release|x86 = Release|x86
	EndGlobalSection
	GlobalSection(ProjectConfigurationPlatforms) = postSolution
		{1C6D87BC-C32A-4F13-857A-DCC202A60CE0}.Debug|Any CPU.ActiveCfg = Debug|Any CPU
		{1C6D87BC-C32A-4F13-857A-DCC202A60CE0}.Debug|Any CPU.Build.0 = Debug|Any CPU
		{1C6D87BC-C32A-4F13-857A-DCC202A60CE0}.Debug|x64.ActiveCfg = Debug|Any CPU
		{1C6D87BC-C32A-4F13-857A-DCC202A60CE0}.Debug|x64.Build.0 = Debug|Any CPU
		{1C6D87BC-C32A-4F13-857A-DCC202A60CE0}.Debug|x86.ActiveCfg = Debug|Any CPU
		{1C6D87BC-C32A-4F13-857A-DCC202A60CE0}.Debug|x86.Build.0 = Debug|Any CPU
		{1C6D87BC-C32A-4F13-857A-DCC202A60CE0}.Release|Any CPU.ActiveCfg = Release|Any CPU
		{1C6D87BC-C32A-4F13-857A-DCC202A60CE0}.Release|Any CPU.Build.0 = Release|Any CPU
		{1C6D87BC-C32A-4F13-857A-DCC202A60CE0}.Release|x64.ActiveCfg = Release|Any CPU
		{1C6D87BC-C32A-4F13-857A-DCC202A60CE0}.Release|x64.Build.0 = Release|Any CPU
		{1C6D87BC-C32A-4F13-857A-DCC202A60CE0}.Release|x86.ActiveCfg = Release|Any CPU
		{1C6D87BC-C32A-4F13-857A-DCC202A60CE0}.Release|x86.Build.0 = Release|Any CPU
		{E5F1B46F-6487-4D00-A035-26BBB86E9297}.Debug|Any CPU.ActiveCfg = Debug|Any CPU
		{E5F1B46F-6487-4D00-A035-26BBB86E9297}.Debug|Any CPU.Build.0 = Debug|Any CPU
		{E5F1B46F-6487-4D00-A035-26BBB86E9297}.Debug|x64.ActiveCfg = Debug|Any CPU
		{E5F1B46F-6487-4D00-A035-26BBB86E9297}.Debug|x64.Build.0 = Debug|Any CPU
		{E5F1B46F-6487-4D00-A035-26BBB86E9297}.Debug|x86.ActiveCfg = Debug|Any CPU
		{E5F1B46F-6487-4D00-A035-26BBB86E9297}.Debug|x86.Build.0 = Debug|Any CPU
		{E5F1B46F-6487-4D00-A035-26BBB86E9297}.Release|Any CPU.ActiveCfg = Release|Any CPU
		{E5F1B46F-6487-4D00-A035-26BBB86E9297}.Release|Any CPU.Build.0 = Release|Any CPU
		{E5F1B46F-6487-4D00-A035-26BBB86E9297}.Release|x64.ActiveCfg = Release|Any CPU
		{E5F1B46F-6487-4D00-A035-26BBB86E9297}.Release|x64.Build.0 = Release|Any CPU
		{E5F1B46F-6487-4D00-A035-26BBB86E9297}.Release|x86.ActiveCfg = Release|Any CPU
		{E5F1B46F-6487-4D00-A035-26BBB86E9297}.Release|x86.Build.0 = Release|Any CPU
	EndGlobalSection
	GlobalSection(SolutionProperties) = preSolution
		HideSolutionNode = FALSE
	EndGlobalSection
	GlobalSection(ExtensibilityGlobals) = postSolution
		SolutionGuid = {0A3B7756-D739-4852-9A75-C7E5B14B9E18}
	EndGlobalSection
EndGlobal
